<?xml version="1.0" encoding="utf-8"?>
<Project ToolsVersion="4.0" xmlns="http://schemas.microsoft.com/developer/msbuild/2003">
  <ItemGroup>
    <Filter Include="Tests">
      <UniqueIdentifier>{4FC737F1-C7A5-4376-A066-2A32D752A2FF}</UniqueIdentifier>
    </Filter>
    <Filter Include="Source">
      <UniqueIdentifier>{7B2E4C10-F1A3-4D89-B6C2-E5A7D8F1C901}</UniqueIdentifier>
    </Filter>
  </ItemGroup>
  <ItemGroup>
    <ClCompile Include="ZoneTests.cpp">
      <Filter>Tests</Filter>
    </ClCompile>
    <ClCompile Include="ZoneMathTests.cpp">
      <Filter>Tests</Filter>
    </ClCompile>
    <ClCompile Include="LayoutTests.cpp">
      <Filter>Tests</Filter>
    </ClCompile>
    <ClCompile Include="EditorTests.cpp">
      <Filter>Tests</Filter>
    </ClCompile>
    <ClCompile Include="StoreTests.cpp">
      <Filter>Tests</Filter>
    </ClCompile>
    <ClCompile Include="JsonTests.cpp">
      <Filter>Tests</Filter>
    </ClCompile>
    <ClCompile Include="UtilsTests.cpp">
      <Filter>Tests</Filter>
    </ClCompile>
    <ClCompile Include="..\..\src\litezones\AppZoneHistory.cpp">
      <Filter>Source</Filter>
    </ClCompile>
    <ClCompile Include="..\..\src\litezones\AppliedLayouts.cpp">
      <Filter>Source</Filter>
    </ClCompile>
    <ClCompile Include="..\..\src\litezones\CustomLayouts.cpp">
      <Filter>Source</Filter>
    </ClCompile>
    <ClCompile Include="..\..\src\litezones\GridData.cpp">
      <Filter>Source</Filter>
    </ClCompile>
    <ClCompile Include="..\..\src\litezones\json.cpp">
      <Filter>Source</Filter>
    </ClCompile>
    <ClCompile Include="..\..\src\litezones\LayoutEngine.cpp">
      <Filter>Source</Filter>
    </ClCompile>
    <ClCompile Include="..\..\src\litezones\MonitorManager.cpp">
      <Filter>Source</Filter>
    </ClCompile>
    <ClCompile Include="..\..\src\litezones\Paths.cpp">
      <Filter>Source</Filter>
    </ClCompile>
    <ClCompile Include="..\..\src\litezones\Settings.cpp">
      <Filter>Source</Filter>
    </ClCompile>
    <ClCompile Include="..\..\src\litezones\GuidUtils.cpp">
      <Filter>Source</Filter>
    </ClCompile>
    <ClCompile Include="..\..\src\litezones\ZoneNavigation.cpp">
      <Filter>Source</Filter>
    </ClCompile>
    <ClCompile Include="..\..\src\litezones\WindowProperties.cpp">
      <Filter>Source</Filter>
    </ClCompile>
    <ClCompile Include="..\..\src\litezones\Zone.cpp">
      <Filter>Source</Filter>
    </ClCompile>
  </ItemGroup>
  <ItemGroup>
    <ClInclude Include="TestHarness.h">
      <Filter>Tests</Filter>
    </ClInclude>
    <ClInclude Include="..\..\src\litezones\AppZoneHistory.h">
      <Filter>Source</Filter>
    </ClInclude>
    <ClInclude Include="..\..\src\litezones\AppliedLayouts.h">
      <Filter>Source</Filter>
    </ClInclude>
    <ClInclude Include="..\..\src\litezones\CanvasMath.h">
      <Filter>Source</Filter>
    </ClInclude>
    <ClInclude Include="..\..\src\litezones\CustomLayouts.h">
      <Filter>Source</Filter>
    </ClInclude>
    <ClInclude Include="..\..\src\litezones\GridData.h">
      <Filter>Source</Filter>
    </ClInclude>
    <ClInclude Include="..\..\src\litezones\json.h">
      <Filter>Source</Filter>
    </ClInclude>
    <ClInclude Include="..\..\src\litezones\LayoutEngine.h">
      <Filter>Source</Filter>
    </ClInclude>
    <ClInclude Include="..\..\src\litezones\LayoutHelpers.h">
      <Filter>Source</Filter>
    </ClInclude>
    <ClInclude Include="..\..\src\litezones\LayoutTypes.h">
      <Filter>Source</Filter>
    </ClInclude>
    <ClInclude Include="..\..\src\litezones\MonitorManager.h">
      <Filter>Source</Filter>
    </ClInclude>
    <ClInclude Include="..\..\src\litezones\Paths.h">
      <Filter>Source</Filter>
    </ClInclude>
    <ClInclude Include="..\..\src\litezones\Settings.h">
      <Filter>Source</Filter>
    </ClInclude>
    <ClInclude Include="..\..\src\litezones\GuidUtils.h">
      <Filter>Source</Filter>
    </ClInclude>
    <ClInclude Include="..\..\src\litezones\ZoneNavigation.h">
      <Filter>Source</Filter>
    </ClInclude>
    <ClInclude Include="..\..\src\litezones\WindowProperties.h">
      <Filter>Source</Filter>
    </ClInclude>
    <ClInclude Include="..\..\src\litezones\Zone.h">
      <Filter>Source</Filter>
    </ClInclude>
  </ItemGroup>
</Project>
